
Microsoft Visual Studio Solution File, Format Version 12.00
# Visual Studio Version 17
VisualStudioVersion = 17.4.33110.190
MinimumVisualStudioVersion = 10.0.40219.1
Project("{9A19103F-16F7-4668-BE54-9A1E7A4F7556}") = "Gateway", "Gateway\Gateway.csproj", "{17AF9E5E-342C-4708-BBDB-6AF0904B240A}"
EndProject
Project("{9A19103F-16F7-4668-BE54-9A1E7A4F7556}") = "WeatherService", "WeatherService\WeatherService.csproj", "{866B0A42-AAAE-4951-8437-462949FBF35C}"
EndProject
Project("{9A19103F-16F7-4668-BE54-9A1E7A4F7556}") = "WebCommon", "WebCommon\WebCommon.csproj", "{D51E00A9-04AD-4A43-AAC1-67A32506454B}"
EndProject
Project("{FAE04EC0-301F-11D3-BF4B-00C04F79EFBC}") = "Common", "Common\Common.csproj", "{286A4BF1-155C-4C6A-8D48-9E7BC86455D1}"
EndProject
Global
	GlobalSection(SolutionConfigurationPlatforms) = preSolution
		Debug|Any CPU = Debug|Any CPU
		Release|Any CPU = Release|Any CPU
	EndGlobalSection
	GlobalSection(ProjectConfigurationPlatforms) = postSolution
		{17AF9E5E-342C-4708-BBDB-6AF0904B240A}.Debug|Any CPU.ActiveCfg = Debug|Any CPU
		{17AF9E5E-342C-4708-BBDB-6AF0904B240A}.Debug|Any CPU.Build.0 = Debug|Any CPU
		{17AF9E5E-342C-4708-BBDB-6AF0904B240A}.Release|Any CPU.ActiveCfg = Release|Any CPU
		{17AF9E5E-342C-4708-BBDB-6AF0904B240A}.Release|Any CPU.Build.0 = Release|Any CPU
		{866B0A42-AAAE-4951-8437-462949FBF35C}.Debug|Any CPU.ActiveCfg = Debug|Any CPU
		{866B0A42-AAAE-4951-8437-462949FBF35C}.Debug|Any CPU.Build.0 = Debug|Any CPU
		{866B0A42-AAAE-4951-8437-462949FBF35C}.Release|Any CPU.ActiveCfg = Release|Any CPU
		{866B0A42-AAAE-4951-8437-462949FBF35C}.Release|Any CPU.Build.0 = Release|Any CPU
		{D51E00A9-04AD-4A43-AAC1-67A32506454B}.Debug|Any CPU.ActiveCfg = Debug|Any CPU
		{D51E00A9-04AD-4A43-AAC1-67A32506454B}.Debug|Any CPU.Build.0 = Debug|Any CPU
		{D51E00A9-04AD-4A43-AAC1-67A32506454B}.Release|Any CPU.ActiveCfg = Release|Any CPU
		{D51E00A9-04AD-4A43-AAC1-67A32506454B}.Release|Any CPU.Build.0 = Release|Any CPU
		{286A4BF1-155C-4C6A-8D48-9E7BC86455D1}.Debug|Any CPU.ActiveCfg = Debug|Any CPU
		{286A4BF1-155C-4C6A-8D48-9E7BC86455D1}.Debug|Any CPU.Build.0 = Debug|Any CPU
		{286A4BF1-155C-4C6A-8D48-9E7BC86455D1}.Release|Any CPU.ActiveCfg = Release|Any CPU
		{286A4BF1-155C-4C6A-8D48-9E7BC86455D1}.Release|Any CPU.Build.0 = Release|Any CPU
	EndGlobalSection
	GlobalSection(SolutionProperties) = preSolution
		HideSolutionNode = FALSE
	EndGlobalSection
	GlobalSection(ExtensibilityGlobals) = postSolution
		SolutionGuid = {04E375CE-1B63-40B2-92AA-2FD6BAD426B8}
	EndGlobalSection
EndGlobal
